{
  "name": "slimweb-standalone-mcp",
  "version": "0.1.0",
  "lockfileVersion": 3,
  "requires": true,
  "packages": {
    "": {
      "name": "slimweb-standalone-mcp",
      "version": "0.1.0",
      "dependencies": {
        "@slimweb/mcp-core": "github:ericchen1972/SlimWeb-MCP-Core#v0.1.0"
      },
      "engines": {
        "node": ">=20"
      }
    },
    "../SlimWeb-MCP-Core": {
      "name": "@slimweb/mcp-core",
      "version": "0.1.0",
      "extraneous": true,
      "license": "MIT",
      "engines": {
        "node": ">=20"
      }
    },
    "node_modules/@slimweb/mcp-core": {
      "version": "0.1.0",
      "resolved": "git+ssh://git@github.com/ericchen1972/SlimWeb-MCP-Core.git#9c288ed76e7ee41ff566e59e9d3eac4af16a6060",
      "license": "MIT",
      "engines": {
        "node": ">=20"
      }
    }
  }
}
