{
  "name": "slimweb-standalone-mcp",
  "version": "0.1.0",
  "lockfileVersion": 3,
  "requires": true,
  "packages": {
    "": {
      "name": "slimweb-standalone-mcp",
      "version": "0.1.0",
      "dependencies": {
        "@slimweb/mcp-core": "github:ericchen1972/SlimWeb-MCP-Core#v0.1.6"
      },
      "engines": {
        "node": ">=20"
      }
    },
    "../SlimWeb-MCP-Core": {
      "name": "@slimweb/mcp-core",
      "version": "0.1.0",
      "extraneous": true,
      "license": "MIT",
      "engines": {
        "node": ">=20"
      }
    },
    "node_modules/@slimweb/mcp-core": {
      "version": "0.1.6",
      "resolved": "git+ssh://git@github.com/ericchen1972/SlimWeb-MCP-Core.git#2dc190f9e4528b64670c8a3d2a7414328b98c437",
      "license": "MIT",
      "engines": {
        "node": ">=20"
      }
    }
  }
}
